// !$*UTF8*$!
{
	archiveVersion = 1;
	classes = {
	};
	objectVersion = 46;
	objects = {

/* Begin PBXBuildFile section */
		854566571BE519DA00CB62E3 /* AppDelegate.swift in Sources */ = {isa = PBXBuildFile; fileRef = 854566561BE519DA00CB62E3 /* AppDelegate.swift */; };
		854566591BE519DA00CB62E3 /* ViewController.swift in Sources */ = {isa = PBXBuildFile; fileRef = 854566581BE519DA00CB62E3 /* ViewController.swift */; };
		8545665C1BE519DA00CB62E3 /* Main.storyboard in Resources */ = {isa = PBXBuildFile; fileRef = 8545665A1BE519DA00CB62E3 /* Main.storyboard */; };
		8545665E1BE519DA00CB62E3 /* Assets.xcassets in Resources */ = {isa = PBXBuildFile; fileRef = 8545665D1BE519DA00CB62E3 /* Assets.xcassets */; };
		854566611BE519DA00CB62E3 /* LaunchScreen.storyboard in Resources */ = {isa = PBXBuildFile; fileRef = 8545665F1BE519DA00CB62E3 /* LaunchScreen.storyboard */; };
		8545666C1BE519DA00CB62E3 /* On_The_MapTests.swift in Sources */ = {isa = PBXBuildFile; fileRef = 8545666B1BE519DA00CB62E3 /* On_The_MapTests.swift */; };
		854566771BE519DA00CB62E3 /* On_The_MapUITests.swift in Sources */ = {isa = PBXBuildFile; fileRef = 854566761BE519DA00CB62E3 /* On_The_MapUITests.swift */; };
/* End PBXBuildFile section */

/* Begin PBXContainerItemProxy section */
		854566681BE519DA00CB62E3 /* PBXContainerItemProxy */ = {
			isa = PBXContainerItemProxy;
			containerPortal = 8545664B1BE519DA00CB62E3 /* Project object */;
			proxyType = 1;
			remoteGlobalIDString = 854566521BE519DA00CB62E3;
			remoteInfo = "On The Map";
		};
		854566731BE519DA00CB62E3 /* PBXContainerItemProxy */ = {
			isa = PBXContainerItemProxy;
			containerPortal = 8545664B1BE519DA00CB62E3 /* Project object */;
			proxyType = 1;
			remoteGlobalIDString = 854566521BE519DA00CB62E3;
			remoteInfo = "On The Map";
		};
/* End PBXContainerItemProxy section */

/* Begin PBXFileReference section */
		854566531BE519DA00CB62E3 /* On The Map.app */ = {isa = PBXFileReference; explicitFileType = wrapper.application; includeInIndex = 0; path = "On The Map.app"; sourceTree = BUILT_PRODUCTS_DIR; };
		854566561BE519DA00CB62E3 /* AppDelegate.swift */ = {isa = PBXFileReference; lastKnownFileType = sourcecode.swift; path = AppDelegate.swift; sourceTree = "<group>"; };
		854566581BE519DA00CB62E3 /* ViewController.swift */ = {isa = PBXFileReference; lastKnownFileType = sourcecode.swift; path = ViewController.swift; sourceTree = "<group>"; };
		8545665B1BE519DA00CB62E3 /* Base */ = {isa = PBXFileReference; lastKnownFileType = file.storyboard; name = Base; path = Base.lproj/Main.storyboard; sourceTree = "<group>"; };
		8545665D1BE519DA00CB62E3 /* Assets.xcassets */ = {isa = PBXFileReference; lastKnownFileType = folder.assetcatalog; path = Assets.xcassets; sourceTree = "<group>"; };
		854566601BE519DA00CB62E3 /* Base */ = {isa = PBXFileReference; lastKnownFileType = file.storyboard; name = Base; path = Base.lproj/LaunchScreen.storyboard; sourceTree = "<group>"; };
		854566621BE519DA00CB62E3 /* Info.plist */ = {isa = PBXFileReference; lastKnownFileType = text.plist.xml; path = Info.plist; sourceTree = "<group>"; };
		854566671BE519DA00CB62E3 /* On The MapTests.xctest */ = {isa = PBXFileReference; explicitFileType = wrapper.cfbundle; includeInIndex = 0; path = "On The MapTests.xctest"; sourceTree = BUILT_PRODUCTS_DIR; };
		8545666B1BE519DA00CB62E3 /* On_The_MapTests.swift */ = {isa = PBXFileReference; lastKnownFileType = sourcecode.swift; path = On_The_MapTests.swift; sourceTree = "<group>"; };
		8545666D1BE519DA00CB62E3 /* Info.plist */ = {isa = PBXFileReference; lastKnownFileType = text.plist.xml; path = Info.plist; sourceTree = "<group>"; };
		854566721BE519DA00CB62E3 /* On The MapUITests.xctest */ = {isa = PBXFileReference; explicitFileType = wrapper.cfbundle; includeInIndex = 0; path = "On The MapUITests.xctest"; sourceTree = BUILT_PRODUCTS_DIR; };
		854566761BE519DA00CB62E3 /* On_The_MapUITests.swift */ = {isa = PBXFileReference; lastKnownFileType = sourcecode.swift; path = On_The_MapUITests.swift; sourceTree = "<group>"; };
		854566781BE519DA00CB62E3 /* Info.plist */ = {isa = PBXFileReference; lastKnownFileType = text.plist.xml; path = Info.plist; sourceTree = "<group>"; };
/* End PBXFileReference section */

/* Begin PBXFrameworksBuildPhase section */
		854566501BE519DA00CB62E3 /* Frameworks */ = {
			isa = PBXFrameworksBuildPhase;
			buildActionMask = 2147483647;
			files = (
			);
			runOnlyForDeploymentPostprocessing = 0;
		};
		854566641BE519DA00CB62E3 /* Frameworks */ = {
			isa = PBXFrameworksBuildPhase;
			buildActionMask = 2147483647;
			files = (
			);
			runOnlyForDeploymentPostprocessing = 0;
		};
		8545666F1BE519DA00CB62E3 /* Frameworks */ = {
			isa = PBXFrameworksBuildPhase;
			buildActionMask = 2147483647;
			files = (
			);
			runOnlyForDeploymentPostprocessing = 0;
		};
/* End PBXFrameworksBuildPhase section */

/* Begin PBXGroup section */
		8545664A1BE519DA00CB62E3 = {
			isa = PBXGroup;
			children = (
				854566551BE519DA00CB62E3 /* On The Map */,
				8545666A1BE519DA00CB62E3 /* On The MapTests */,
				854566751BE519DA00CB62E3 /* On The MapUITests */,
				854566541BE519DA00CB62E3 /* Products */,
			);
			sourceTree = "<group>";
		};
		854566541BE519DA00CB62E3 /* Products */ = {
			isa = PBXGroup;
			children = (
				854566531BE519DA00CB62E3 /* On The Map.app */,
				854566671BE519DA00CB62E3 /* On The MapTests.xctest */,
				854566721BE519DA00CB62E3 /* On The MapUITests.xctest */,
			);
			name = Products;
			sourceTree = "<group>";
		};
		854566551BE519DA00CB62E3 /* On The Map */ = {
			isa = PBXGroup;
			children = (
				854566561BE519DA00CB62E3 /* AppDelegate.swift */,
				854566581BE519DA00CB62E3 /* ViewController.swift */,
				8545665A1BE519DA00CB62E3 /* Main.storyboard */,
				8545665D1BE519DA00CB62E3 /* Assets.xcassets */,
				8545665F1BE519DA00CB62E3 /* LaunchScreen.storyboard */,
				854566621BE519DA00CB62E3 /* Info.plist */,
			);
			path = "On The Map";
			sourceTree = "<group>";
		};
		8545666A1BE519DA00CB62E3 /* On The MapTests */ = {
			isa = PBXGroup;
			children = (
				8545666B1BE519DA00CB62E3 /* On_The_MapTests.swift */,
				8545666D1BE519DA00CB62E3 /* Info.plist */,
			);
			path = "On The MapTests";
			sourceTree = "<group>";
		};
		854566751BE519DA00CB62E3 /* On The MapUITests */ = {
			isa = PBXGroup;
			children = (
				854566761BE519DA00CB62E3 /* On_The_MapUITests.swift */,
				854566781BE519DA00CB62E3 /* Info.plist */,
			);
			path = "On The MapUITests";
			sourceTree = "<group>";
		};
/* End PBXGroup section */

/* Begin PBXNativeTarget section */
		854566521BE519DA00CB62E3 /* On The Map */ = {
			isa = PBXNativeTarget;
			buildConfigurationList = 8545667B1BE519DA00CB62E3 /* Build configuration list for PBXNativeTarget "On The Map" */;
			buildPhases = (
				8545664F1BE519DA00CB62E3 /* Sources */,
				854566501BE519DA00CB62E3 /* Frameworks */,
				854566511BE519DA00CB62E3 /* Resources */,
			);
			buildRules = (
			);
			dependencies = (
			);
			name = "On The Map";
			productName = "On The Map";
			productReference = 854566531BE519DA00CB62E3 /* On The Map.app */;
			productType = "com.apple.product-type.application";
		};
		854566661BE519DA00CB62E3 /* On The MapTests */ = {
			isa = PBXNativeTarget;
			buildConfigurationList = 8545667E1BE519DA00CB62E3 /* Build configuration list for PBXNativeTarget "On The MapTests" */;
			buildPhases = (
				854566631BE519DA00CB62E3 /* Sources */,
				854566641BE519DA00CB62E3 /* Frameworks */,
				854566651BE519DA00CB62E3 /* Resources */,
			);
			buildRules = (
			);
			dependencies = (
				854566691BE519DA00CB62E3 /* PBXTargetDependency */,
			);
			name = "On The MapTests";
			productName = "On The MapTests";
			productReference = 854566671BE519DA00CB62E3 /* On The MapTests.xctest */;
			productType = "com.apple.product-type.bundle.unit-test";
		};
		854566711BE519DA00CB62E3 /* On The MapUITests */ = {
			isa = PBXNativeTarget;
			buildConfigurationList = 854566811BE519DA00CB62E3 /* Build configuration list for PBXNativeTarget "On The MapUITests" */;
			buildPhases = (
				8545666E1BE519DA00CB62E3 /* Sources */,
				8545666F1BE519DA00CB62E3 /* Frameworks */,
				854566701BE519DA00CB62E3 /* Resources */,
			);
			buildRules = (
			);
			dependencies = (
				854566741BE519DA00CB62E3 /* PBXTargetDependency */,
			);
			name = "On The MapUITests";
			productName = "On The MapUITests";
			productReference = 854566721BE519DA00CB62E3 /* On The MapUITests.xctest */;
			productType = "com.apple.product-type.bundle.ui-testing";
		};
/* End PBXNativeTarget section */

/* Begin PBXProject section */
		8545664B1BE519DA00CB62E3 /* Project object */ = {
			isa = PBXProject;
			attributes = {
				LastSwiftUpdateCheck = 0710;
				LastUpgradeCheck = 0710;
				ORGANIZATIONNAME = "Ahmed Onawale";
				TargetAttributes = {
					854566521BE519DA00CB62E3 = {
						CreatedOnToolsVersion = 7.1;
						DevelopmentTeam = GB49K2TKQH;
					};
					854566661BE519DA00CB62E3 = {
						CreatedOnToolsVersion = 7.1;
						DevelopmentTeam = GB49K2TKQH;
						TestTargetID = 854566521BE519DA00CB62E3;
					};
					854566711BE519DA00CB62E3 = {
						CreatedOnToolsVersion = 7.1;
						DevelopmentTeam = GB49K2TKQH;
						TestTargetID = 854566521BE519DA00CB62E3;
					};
				};
			};
			buildConfigurationList = 8545664E1BE519DA00CB62E3 /* Build configuration list for PBXProject "On The Map" */;
			compatibilityVersion = "Xcode 3.2";
			developmentRegion = English;
			hasScannedForEncodings = 0;
			knownRegions = (
				en,
				Base,
			);
			mainGroup = 8545664A1BE519DA00CB62E3;
			productRefGroup = 854566541BE519DA00CB62E3 /* Products */;
			projectDirPath = "";
			projectRoot = "";
			targets = (
				854566521BE519DA00CB62E3 /* On The Map */,
				854566661BE519DA00CB62E3 /* On The MapTests */,
				854566711BE519DA00CB62E3 /* On The MapUITests */,
			);
		};
/* End PBXProject section */

/* Begin PBXResourcesBuildPhase section */
		854566511BE519DA00CB62E3 /* Resources */ = {
			isa = PBXResourcesBuildPhase;
			buildActionMask = 2147483647;
			files = (
				854566611BE519DA00CB62E3 /* LaunchScreen.storyboard in Resources */,
				8545665E1BE519DA00CB62E3 /* Assets.xcassets in Resources */,
				8545665C1BE519DA00CB62E3 /* Main.storyboard in Resources */,
			);
			runOnlyForDeploymentPostprocessing = 0;
		};
		854566651BE519DA00CB62E3 /* Resources */ = {
			isa = PBXResourcesBuildPhase;
			buildActionMask = 2147483647;
			files = (
			);
			runOnlyForDeploymentPostprocessing = 0;
		};
		854566701BE519DA00CB62E3 /* Resources */ = {
			isa = PBXResourcesBuildPhase;
			buildActionMask = 2147483647;
			files = (
			);
			runOnlyForDeploymentPostprocessing = 0;
		};
/* End PBXResourcesBuildPhase section */

/* Begin PBXSourcesBuildPhase section */
		8545664F1BE519DA00CB62E3 /* Sources */ = {
			isa = PBXSourcesBuildPhase;
			buildActionMask = 2147483647;
			files = (
				854566591BE519DA00CB62E3 /* ViewController.swift in Sources */,
				854566571BE519DA00CB62E3 /* AppDelegate.swift in Sources */,
			);
			runOnlyForDeploymentPostprocessing = 0;
		};
		854566631BE519DA00CB62E3 /* Sources */ = {
			isa = PBXSourcesBuildPhase;
			buildActionMask = 2147483647;
			files = (
				8545666C1BE519DA00CB62E3 /* On_The_MapTests.swift in Sources */,
			);
			runOnlyForDeploymentPostprocessing = 0;
		};
		8545666E1BE519DA00CB62E3 /* Sources */ = {
			isa = PBXSourcesBuildPhase;
			buildActionMask = 2147483647;
			files = (
				854566771BE519DA00CB62E3 /* On_The_MapUITests.swift in Sources */,
			);
			runOnlyForDeploymentPostprocessing = 0;
		};
/* End PBXSourcesBuildPhase section */

/* Begin PBXTargetDependency section */
		854566691BE519DA00CB62E3 /* PBXTargetDependency */ = {
			isa = PBXTargetDependency;
			target = 854566521BE519DA00CB62E3 /* On The Map */;
			targetProxy = 854566681BE519DA00CB62E3 /* PBXContainerItemProxy */;
		};
		854566741BE519DA00CB62E3 /* PBXTargetDependency */ = {
			isa = PBXTargetDependency;
			target = 854566521BE519DA00CB62E3 /* On The Map */;
			targetProxy = 854566731BE519DA00CB62E3 /* PBXContainerItemProxy */;
		};
/* End PBXTargetDependency section */

/* Begin PBXVariantGroup section */
		8545665A1BE519DA00CB62E3 /* Main.storyboard */ = {
			isa = PBXVariantGroup;
			children = (
				8545665B1BE519DA00CB62E3 /* Base */,
			);
			name = Main.storyboard;
			sourceTree = "<group>";
		};
		8545665F1BE519DA00CB62E3 /* LaunchScreen.storyboard */ = {
			isa = PBXVariantGroup;
			children = (
				854566601BE519DA00CB62E3 /* Base */,
			);
			name = LaunchScreen.storyboard;
			sourceTree = "<group>";
		};
/* End PBXVariantGroup section */

/* Begin XCBuildConfiguration section */
		854566791BE519DA00CB62E3 /* Debug */ = {
			isa = XCBuildConfiguration;
			buildSettings = {
				ALWAYS_SEARCH_USER_PATHS = NO;
				CLANG_CXX_LANGUAGE_STANDARD = "gnu++0x";
				CLANG_CXX_LIBRARY = "libc++";
				CLANG_ENABLE_MODULES = YES;
				CLANG_ENABLE_OBJC_ARC = YES;
				CLANG_WARN_BOOL_CONVERSION = YES;
				CLANG_WARN_CONSTANT_CONVERSION = YES;
				CLANG_WARN_DIRECT_OBJC_ISA_USAGE = YES_ERROR;
				CLANG_WARN_EMPTY_BODY = YES;
				CLANG_WARN_ENUM_CONVERSION = YES;
				CLANG_WARN_INT_CONVERSION = YES;
				CLANG_WARN_OBJC_ROOT_CLASS = YES_ERROR;
				CLANG_WARN_UNREACHABLE_CODE = YES;
				CLANG_WARN__DUPLICATE_METHOD_MATCH = YES;
				"CODE_SIGN_IDENTITY[sdk=iphoneos*]" = "iPhone Developer";
				COPY_PHASE_STRIP = NO;
				DEBUG_INFORMATION_FORMAT = dwarf;
				ENABLE_STRICT_OBJC_MSGSEND = YES;
				ENABLE_TESTABILITY = YES;
				GCC_C_LANGUAGE_STANDARD = gnu99;
				GCC_DYNAMIC_NO_PIC = NO;
				GCC_NO_COMMON_BLOCKS = YES;
				GCC_OPTIMIZATION_LEVEL = 0;
				GCC_PREPROCESSOR_DEFINITIONS = (
					"DEBUG=1",
					"$(inherited)",
				);
				GCC_WARN_64_TO_32_BIT_CONVERSION = YES;
				GCC_WARN_ABOUT_RETURN_TYPE = YES_ERROR;
				GCC_WARN_UNDECLARED_SELECTOR = YES;
				GCC_WARN_UNINITIALIZED_AUTOS = YES_AGGRESSIVE;
				GCC_WARN_UNUSED_FUNCTION = YES;
				GCC_WARN_UNUSED_VARIABLE = YES;
				IPHONEOS_DEPLOYMENT_TARGET = 9.1;
				MTL_ENABLE_DEBUG_INFO = YES;
				ONLY_ACTIVE_ARCH = YES;
				SDKROOT = iphoneos;
				SWIFT_OPTIMIZATION_LEVEL = "-Onone";
				TARGETED_DEVICE_FAMILY = "1,2";
			};
			name = Debug;
		};
		8545667A1BE519DA00CB62E3 /* Release */ = {
			isa = XCBuildConfiguration;
			buildSettings = {
				ALWAYS_SEARCH_USER_PATHS = NO;
				CLANG_CXX_LANGUAGE_STANDARD = "gnu++0x";
				CLANG_CXX_LIBRARY = "libc++";
				CLANG_ENABLE_MODULES = YES;
				CLANG_ENABLE_OBJC_ARC = YES;
				CLANG_WARN_BOOL_CONVERSION = YES;
				CLANG_WARN_CONSTANT_CONVERSION = YES;
				CLANG_WARN_DIRECT_OBJC_ISA_USAGE = YES_ERROR;
				CLANG_WARN_EMPTY_BODY = YES;
				CLANG_WARN_ENUM_CONVERSION = YES;
				CLANG_WARN_INT_CONVERSION = YES;
				CLANG_WARN_OBJC_ROOT_CLASS = YES_ERROR;
				CLANG_WARN_UNREACHABLE_CODE = YES;
				CLANG_WARN__DUPLICATE_METHOD_MATCH = YES;
				"CODE_SIGN_IDENTITY[sdk=iphoneos*]" = "iPhone Developer";
				COPY_PHASE_STRIP = NO;
				DEBUG_INFORMATION_FORMAT = "dwarf-with-dsym";
				ENABLE_NS_ASSERTIONS = NO;
				ENABLE_STRICT_OBJC_MSGSEND = YES;
				GCC_C_LANGUAGE_STANDARD = gnu99;
				GCC_NO_COMMON_BLOCKS = YES;
				GCC_WARN_64_TO_32_BIT_CONVERSION = YES;
				GCC_WARN_ABOUT_RETURN_TYPE = YES_ERROR;
				GCC_WARN_UNDECLARED_SELECTOR = YES;
				GCC_WARN_UNINITIALIZED_AUTOS = YES_AGGRESSIVE;
				GCC_WARN_UNUSED_FUNCTION = YES;
				GCC_WARN_UNUSED_VARIABLE = YES;
				IPHONEOS_DEPLOYMENT_TARGET = 9.1;
				MTL_ENABLE_DEBUG_INFO = NO;
				SDKROOT = iphoneos;
				TARGETED_DEVICE_FAMILY = "1,2";
				VALIDATE_PRODUCT = YES;
			};
			name = Release;
		};
		8545667C1BE519DA00CB62E3 /* Debug */ = {
			isa = XCBuildConfiguration;
			buildSettings = {
				ASSETCATALOG_COMPILER_APPICON_NAME = AppIcon;
				INFOPLIST_FILE = "On The Map/Info.plist";
				LD_RUNPATH_SEARCH_PATHS = "$(inherited) @executable_path/Frameworks";
				PRODUCT_BUNDLE_IDENTIFIER = "ahmedonawale.On-The-Map";
				PRODUCT_NAME = "$(TARGET_NAME)";
			};
			name = Debug;
		};
		8545667D1BE519DA00CB62E3 /* Release */ = {
			isa = XCBuildConfiguration;
			buildSettings = {
				ASSETCATALOG_COMPILER_APPICON_NAME = AppIcon;
				INFOPLIST_FILE = "On The Map/Info.plist";
				LD_RUNPATH_SEARCH_PATHS = "$(inherited) @executable_path/Frameworks";
				PRODUCT_BUNDLE_IDENTIFIER = "ahmedonawale.On-The-Map";
				PRODUCT_NAME = "$(TARGET_NAME)";
			};
			name = Release;
		};
		8545667F1BE519DA00CB62E3 /* Debug */ = {
			isa = XCBuildConfiguration;
			buildSettings = {
				BUNDLE_LOADER = "$(TEST_HOST)";
				INFOPLIST_FILE = "On The MapTests/Info.plist";
				LD_RUNPATH_SEARCH_PATHS = "$(inherited) @executable_path/Frameworks @loader_path/Frameworks";
				PRODUCT_BUNDLE_IDENTIFIER = "ahmedonawale.On-The-MapTests";
				PRODUCT_NAME = "$(TARGET_NAME)";
				TEST_HOST = "$(BUILT_PRODUCTS_DIR)/On The Map.app/On The Map";
			};
			name = Debug;
		};
		854566801BE519DA00CB62E3 /* Release */ = {
			isa = XCBuildConfiguration;
			buildSettings = {
				BUNDLE_LOADER = "$(TEST_HOST)";
				INFOPLIST_FILE = "On The MapTests/Info.plist";
				LD_RUNPATH_SEARCH_PATHS = "$(inherited) @executable_path/Frameworks @loader_path/Frameworks";
				PRODUCT_BUNDLE_IDENTIFIER = "ahmedonawale.On-The-MapTests";
				PRODUCT_NAME = "$(TARGET_NAME)";
				TEST_HOST = "$(BUILT_PRODUCTS_DIR)/On The Map.app/On The Map";
			};
			name = Release;
		};
		854566821BE519DA00CB62E3 /* Debug */ = {
			isa = XCBuildConfiguration;
			buildSettings = {
				INFOPLIST_FILE = "On The MapUITests/Info.plist";
				LD_RUNPATH_SEARCH_PATHS = "$(inherited) @executable_path/Frameworks @loader_path/Frameworks";
				PRODUCT_BUNDLE_IDENTIFIER = "ahmedonawale.On-The-MapUITests";
				PRODUCT_NAME = "$(TARGET_NAME)";
				TEST_TARGET_NAME = "On The Map";
				USES_XCTRUNNER = YES;
			};
			name = Debug;
		};
		854566831BE519DA00CB62E3 /* Release */ = {
			isa = XCBuildConfiguration;
			buildSettings = {
				INFOPLIST_FILE = "On The MapUITests/Info.plist";
				LD_RUNPATH_SEARCH_PATHS = "$(inherited) @executable_path/Frameworks @loader_path/Frameworks";
				PRODUCT_BUNDLE_IDENTIFIER = "ahmedonawale.On-The-MapUITests";
				PRODUCT_NAME = "$(TARGET_NAME)";
				TEST_TARGET_NAME = "On The Map";
				USES_XCTRUNNER = YES;
			};
			name = Release;
		};
/* End XCBuildConfiguration section */

/* Begin XCConfigurationList section */
		8545664E1BE519DA00CB62E3 /* Build configuration list for PBXProject "On The Map" */ = {
			isa = XCConfigurationList;
			buildConfigurations = (
				854566791BE519DA00CB62E3 /* Debug */,
				8545667A1BE519DA00CB62E3 /* Release */,
			);
			defaultConfigurationIsVisible = 0;
			defaultConfigurationName = Release;
		};
		8545667B1BE519DA00CB62E3 /* Build configuration list for PBXNativeTarget "On The Map" */ = {
			isa = XCConfigurationList;
			buildConfigurations = (
				8545667C1BE519DA00CB62E3 /* Debug */,
				8545667D1BE519DA00CB62E3 /* Release */,
			);
			defaultConfigurationIsVisible = 0;
		};
		8545667E1BE519DA00CB62E3 /* Build configuration list for PBXNativeTarget "On The MapTests" */ = {
			isa = XCConfigurationList;
			buildConfigurations = (
				8545667F1BE519DA00CB62E3 /* Debug */,
				854566801BE519DA00CB62E3 /* Release */,
			);
			defaultConfigurationIsVisible = 0;
		};
		854566811BE519DA00CB62E3 /* Build configuration list for PBXNativeTarget "On The MapUITests" */ = {
			isa = XCConfigurationList;
			buildConfigurations = (
				854566821BE519DA00CB62E3 /* Debug */,
				854566831BE519DA00CB62E3 /* Release */,
			);
			defaultConfigurationIsVisible = 0;
		};
/* End XCConfigurationList section */
	};
	rootObject = 8545664B1BE519DA00CB62E3 /* Project object */;
}
